
Microsoft Visual Studio Solution File, Format Version 12.00
# Visual Studio 2013
VisualStudioVersion = 12.0.40629.0
MinimumVisualStudioVersion = 10.0.40219.1
Project("{FAE04EC0-301F-11D3-BF4B-00C04F79EFBC}") = "EPAM Task 1", "EPAM Task 1\EPAM Task 1.csproj", "{AEF9DFB9-96B8-4A59-B3EE-6FB01163FAD9}"
EndProject
Project("{FAE04EC0-301F-11D3-BF4B-00C04F79EFBC}") = "EPAM Task 2", "EPAM Task 2\EPAM Task 2.csproj", "{8C12EE39-97AE-4CEF-9F88-02E383560F79}"
EndProject
Project("{FAE04EC0-301F-11D3-BF4B-00C04F79EFBC}") = "EPAM Task 3", "EPAM Task 3\EPAM Task 3.csproj", "{9C8873C6-7FF3-453E-ABF4-427A571C83F4}"
EndProject
Project("{FAE04EC0-301F-11D3-BF4B-00C04F79EFBC}") = "EPAM Task 4_1", "EPAM Task 4_1\EPAM Task 4_1.csproj", "{D93CF288-CA4F-455E-BB40-01B58A377690}"
EndProject
Project("{FAE04EC0-301F-11D3-BF4B-00C04F79EFBC}") = "EPAM Task 4_2", "EPAM Task 4_2\EPAM Task 4_2.csproj", "{FCCBE81A-C3BA-466E-87FD-50BFD2D4D704}"
EndProject
Project("{FAE04EC0-301F-11D3-BF4B-00C04F79EFBC}") = "EPAM Task 5", "EPAM Task 5\EPAM Task 5.csproj", "{A27CD504-82BF-4CA6-9428-9FC4FE0653A0}"
EndProject
Global
	GlobalSection(SolutionConfigurationPlatforms) = preSolution
		Debug|Any CPU = Debug|Any CPU
		Release|Any CPU = Release|Any CPU
	EndGlobalSection
	GlobalSection(ProjectConfigurationPlatforms) = postSolution
		{AEF9DFB9-96B8-4A59-B3EE-6FB01163FAD9}.Debug|Any CPU.ActiveCfg = Debug|Any CPU
		{AEF9DFB9-96B8-4A59-B3EE-6FB01163FAD9}.Debug|Any CPU.Build.0 = Debug|Any CPU
		{AEF9DFB9-96B8-4A59-B3EE-6FB01163FAD9}.Release|Any CPU.ActiveCfg = Release|Any CPU
		{AEF9DFB9-96B8-4A59-B3EE-6FB01163FAD9}.Release|Any CPU.Build.0 = Release|Any CPU
		{8C12EE39-97AE-4CEF-9F88-02E383560F79}.Debug|Any CPU.ActiveCfg = Debug|Any CPU
		{8C12EE39-97AE-4CEF-9F88-02E383560F79}.Debug|Any CPU.Build.0 = Debug|Any CPU
		{8C12EE39-97AE-4CEF-9F88-02E383560F79}.Release|Any CPU.ActiveCfg = Release|Any CPU
		{8C12EE39-97AE-4CEF-9F88-02E383560F79}.Release|Any CPU.Build.0 = Release|Any CPU
		{9C8873C6-7FF3-453E-ABF4-427A571C83F4}.Debug|Any CPU.ActiveCfg = Debug|Any CPU
		{9C8873C6-7FF3-453E-ABF4-427A571C83F4}.Debug|Any CPU.Build.0 = Debug|Any CPU
		{9C8873C6-7FF3-453E-ABF4-427A571C83F4}.Release|Any CPU.ActiveCfg = Release|Any CPU
		{9C8873C6-7FF3-453E-ABF4-427A571C83F4}.Release|Any CPU.Build.0 = Release|Any CPU
		{D93CF288-CA4F-455E-BB40-01B58A377690}.Debug|Any CPU.ActiveCfg = Debug|Any CPU
		{D93CF288-CA4F-455E-BB40-01B58A377690}.Debug|Any CPU.Build.0 = Debug|Any CPU
		{D93CF288-CA4F-455E-BB40-01B58A377690}.Release|Any CPU.ActiveCfg = Release|Any CPU
		{D93CF288-CA4F-455E-BB40-01B58A377690}.Release|Any CPU.Build.0 = Release|Any CPU
		{FCCBE81A-C3BA-466E-87FD-50BFD2D4D704}.Debug|Any CPU.ActiveCfg = Debug|Any CPU
		{FCCBE81A-C3BA-466E-87FD-50BFD2D4D704}.Debug|Any CPU.Build.0 = Debug|Any CPU
		{FCCBE81A-C3BA-466E-87FD-50BFD2D4D704}.Release|Any CPU.ActiveCfg = Release|Any CPU
		{FCCBE81A-C3BA-466E-87FD-50BFD2D4D704}.Release|Any CPU.Build.0 = Release|Any CPU
		{A27CD504-82BF-4CA6-9428-9FC4FE0653A0}.Debug|Any CPU.ActiveCfg = Debug|Any CPU
		{A27CD504-82BF-4CA6-9428-9FC4FE0653A0}.Debug|Any CPU.Build.0 = Debug|Any CPU
		{A27CD504-82BF-4CA6-9428-9FC4FE0653A0}.Release|Any CPU.ActiveCfg = Release|Any CPU
		{A27CD504-82BF-4CA6-9428-9FC4FE0653A0}.Release|Any CPU.Build.0 = Release|Any CPU
	EndGlobalSection
	GlobalSection(SolutionProperties) = preSolution
		HideSolutionNode = FALSE
	EndGlobalSection
EndGlobal
